{
    "_readme": [
        "This file locks the dependencies of your project to a known state",
        "Read more about it at https://getcomposer.org/doc/01-basic-usage.md#composer-lock-the-lock-file",
        "This file is @generated automatically"
    ],
    "hash": "78f49766e7c966b1cf146d202fe8fc4c",
    "packages": [
        {
            "name": "NextStepWebs/simplemde-markdown-editor",
            "version": "1.7.4",
            "source": {
                "type": "git",
                "url": "https://github.com/NextStepWebs/simplemde-markdown-editor",
                "reference": "origin/master"
            },
            "type": "library"
        },
        {
            "name": "domchristie/to-markdown",
            "version": "2.0.1",
            "source": {
                "type": "git",
                "url": "https://github.com/domchristie/to-markdown",
                "reference": "origin/master"
            },
            "type": "library"
        },
        {
            "name": "erusev/parsedown",
            "version": "1.5.0",
            "source": {
                "type": "git",
                "url": "https://github.com/erusev/parsedown",
                "reference": "origin/master"
            },
            "type": "library"
        }
    ],
    "packages-dev": [],
    "aliases": [],
    "minimum-stability": "stable",
    "stability-flags": [],
    "prefer-stable": false,
    "prefer-lowest": false,
    "platform": {
        "php": ">=5.3.9"
    },
    "platform-dev": []
}
