{
    "_readme": [
        "This file locks the dependencies of your project to a known state",
        "Read more about it at https://getcomposer.org/doc/01-basic-usage.md#composer-lock-the-lock-file",
        "This file is @generated automatically"
    ],
    "hash": "8f490fcb59bb0e79112785a7ce20964a",
    "packages": [
        {
            "name": "NextStepWebs/simplemde-markdown-editor",
            "version": "1.8.1",
            "source": {
                "type": "git",
                "url": "https://github.com/NextStepWebs/simplemde-markdown-editor",
                "reference": "origin/master"
            },
            "type": "library"
        }
    ],
    "packages-dev": [],
    "aliases": [],
    "minimum-stability": "stable",
    "stability-flags": [],
    "prefer-stable": false,
    "prefer-lowest": false,
    "platform": {
        "php": ">=5.3.9"
    },
    "platform-dev": []
}
