{
    "_readme": [
        "This file locks the dependencies of your project to a known state",
        "Read more about it at https://getcomposer.org/doc/01-basic-usage.md#composer-lock-the-lock-file",
        "This file is @generated automatically"
    ],
    "hash": "4eed48242b679f4a1bdc660af6a85b95",
    "packages": [
        {
            "name": "erusev/parsedown",
            "version": "1.5.0",
            "source": {
                "type": "git",
                "url": "https://github.com/erusev/parsedown",
                "reference": "origin/master"
            },
            "type": "library"
        },
        {
            "name": "lepture/editor",
            "version": "0.1.0",
            "source": {
                "type": "git",
                "url": "https://github.com/lepture/editor",
                "reference": "origin/master"
            },
            "type": "library"
        }
    ],
    "packages-dev": [],
    "aliases": [],
    "minimum-stability": "stable",
    "stability-flags": [],
    "prefer-stable": false,
    "prefer-lowest": false,
    "platform": {
        "php": ">=5.3.9"
    },
    "platform-dev": []
}
